
Microsoft Visual Studio Solution File, Format Version 12.00
# Visual Studio Version 17
VisualStudioVersion = 17.11.35222.181
MinimumVisualStudioVersion = 10.0.40219.1
Project("{FAE04EC0-301F-11D3-BF4B-00C04F79EFBC}") = "DLL_My_library", "DLL_My_library\DLL_My_library.csproj", "{01A94E14-D9BE-41FF-9F79-23ED1445E2CD}"
EndProject
Global
	GlobalSection(SolutionConfigurationPlatforms) = preSolution
		Debug|Any CPU = Debug|Any CPU
		Release|Any CPU = Release|Any CPU
	EndGlobalSection
	GlobalSection(ProjectConfigurationPlatforms) = postSolution
		{01A94E14-D9BE-41FF-9F79-23ED1445E2CD}.Debug|Any CPU.ActiveCfg = Debug|Any CPU
		{01A94E14-D9BE-41FF-9F79-23ED1445E2CD}.Debug|Any CPU.Build.0 = Debug|Any CPU
		{01A94E14-D9BE-41FF-9F79-23ED1445E2CD}.Release|Any CPU.ActiveCfg = Release|Any CPU
		{01A94E14-D9BE-41FF-9F79-23ED1445E2CD}.Release|Any CPU.Build.0 = Release|Any CPU
	EndGlobalSection
	GlobalSection(SolutionProperties) = preSolution
		HideSolutionNode = FALSE
	EndGlobalSection
	GlobalSection(ExtensibilityGlobals) = postSolution
		SolutionGuid = {2D169DA6-4E28-4E09-BF3E-DF1A20C74B06}
	EndGlobalSection
EndGlobal
